
Microsoft Visual Studio Solution File, Format Version 12.00
# Visual Studio Version 17
VisualStudioVersion = 17.8.34330.188
MinimumVisualStudioVersion = 10.0.40219.1
Project("{2150E333-8FDC-42A3-9474-1A3956D46DE8}") = "src", "src", "{A96FDFF7-B15A-41A2-BDC5-B58AAB62B81A}"
EndProject
Project("{2150E333-8FDC-42A3-9474-1A3956D46DE8}") = "backend", "backend", "{7938BED3-A449-4E25-AEE7-909ABD475063}"
EndProject
Project("{2150E333-8FDC-42A3-9474-1A3956D46DE8}") = "frontend", "frontend", "{82DB0D15-2A2D-4144-AA79-62C07F5AC789}"
EndProject
Project("{2150E333-8FDC-42A3-9474-1A3956D46DE8}") = "tests", "tests", "{A52A1F07-B4D7-4935-B15A-E93861AAFC9C}"
EndProject
Project("{9A19103F-16F7-4668-BE54-9A1E7A4F7556}") = "Domain", "Domain\Domain.csproj", "{AA61F487-3775-4D53-894B-435076DCBCAE}"
EndProject
Project("{9A19103F-16F7-4668-BE54-9A1E7A4F7556}") = "Application", "Application\Application.csproj", "{D9881617-65BB-4995-A6E0-E29D5D06F590}"
EndProject
Project("{9A19103F-16F7-4668-BE54-9A1E7A4F7556}") = "Infrastructure", "Infrastructure\Infrastructure.csproj", "{12BA8642-E408-4D3E-8487-AC8359006D3A}"
EndProject
Project("{9A19103F-16F7-4668-BE54-9A1E7A4F7556}") = "Web", "Web\Web.csproj", "{03BFCDB9-51D0-4C67-B87A-2A3C10B5E191}"
EndProject
Project("{2150E333-8FDC-42A3-9474-1A3956D46DE8}") = "doc", "doc", "{60A61208-BDAD-45BE-87C4-BAA92AF1A0F0}"
EndProject
Project("{54A90642-561A-4BB1-A94E-469ADEE60C69}") = "frontend", "frontend\frontend.esproj", "{AD973A35-5E0E-4125-BDFD-BBD1EB760FF0}"
EndProject
Project("{FAE04EC0-301F-11D3-BF4B-00C04F79EFBC}") = "Presentaion", "Presentaion\Presentaion.csproj", "{69B94730-0A46-437D-B3B6-524AA04B5050}"
EndProject
Project("{FAE04EC0-301F-11D3-BF4B-00C04F79EFBC}") = "ArchtectureTest", "ArchtectureTest\ArchtectureTest.csproj", "{B332AC97-BF0D-4C74-A08F-86B42B652966}"
EndProject
Project("{FAE04EC0-301F-11D3-BF4B-00C04F79EFBC}") = "ApplicationTest", "ApplicationTest\ApplicationTest.csproj", "{8D995BA8-69CB-4967-82AF-442D6E3FE803}"
EndProject
Global
	GlobalSection(SolutionConfigurationPlatforms) = preSolution
		Debug|Any CPU = Debug|Any CPU
		Release|Any CPU = Release|Any CPU
	EndGlobalSection
	GlobalSection(ProjectConfigurationPlatforms) = postSolution
		{AA61F487-3775-4D53-894B-435076DCBCAE}.Debug|Any CPU.ActiveCfg = Debug|Any CPU
		{AA61F487-3775-4D53-894B-435076DCBCAE}.Debug|Any CPU.Build.0 = Debug|Any CPU
		{AA61F487-3775-4D53-894B-435076DCBCAE}.Release|Any CPU.ActiveCfg = Release|Any CPU
		{AA61F487-3775-4D53-894B-435076DCBCAE}.Release|Any CPU.Build.0 = Release|Any CPU
		{D9881617-65BB-4995-A6E0-E29D5D06F590}.Debug|Any CPU.ActiveCfg = Debug|Any CPU
		{D9881617-65BB-4995-A6E0-E29D5D06F590}.Debug|Any CPU.Build.0 = Debug|Any CPU
		{D9881617-65BB-4995-A6E0-E29D5D06F590}.Release|Any CPU.ActiveCfg = Release|Any CPU
		{D9881617-65BB-4995-A6E0-E29D5D06F590}.Release|Any CPU.Build.0 = Release|Any CPU
		{12BA8642-E408-4D3E-8487-AC8359006D3A}.Debug|Any CPU.ActiveCfg = Debug|Any CPU
		{12BA8642-E408-4D3E-8487-AC8359006D3A}.Debug|Any CPU.Build.0 = Debug|Any CPU
		{12BA8642-E408-4D3E-8487-AC8359006D3A}.Release|Any CPU.ActiveCfg = Release|Any CPU
		{12BA8642-E408-4D3E-8487-AC8359006D3A}.Release|Any CPU.Build.0 = Release|Any CPU
		{03BFCDB9-51D0-4C67-B87A-2A3C10B5E191}.Debug|Any CPU.ActiveCfg = Debug|Any CPU
		{03BFCDB9-51D0-4C67-B87A-2A3C10B5E191}.Debug|Any CPU.Build.0 = Debug|Any CPU
		{03BFCDB9-51D0-4C67-B87A-2A3C10B5E191}.Release|Any CPU.ActiveCfg = Release|Any CPU
		{03BFCDB9-51D0-4C67-B87A-2A3C10B5E191}.Release|Any CPU.Build.0 = Release|Any CPU
		{AD973A35-5E0E-4125-BDFD-BBD1EB760FF0}.Debug|Any CPU.ActiveCfg = Debug|Any CPU
		{AD973A35-5E0E-4125-BDFD-BBD1EB760FF0}.Debug|Any CPU.Build.0 = Debug|Any CPU
		{AD973A35-5E0E-4125-BDFD-BBD1EB760FF0}.Release|Any CPU.ActiveCfg = Release|Any CPU
		{AD973A35-5E0E-4125-BDFD-BBD1EB760FF0}.Release|Any CPU.Build.0 = Release|Any CPU
		{AD973A35-5E0E-4125-BDFD-BBD1EB760FF0}.Release|Any CPU.Deploy.0 = Release|Any CPU
		{69B94730-0A46-437D-B3B6-524AA04B5050}.Debug|Any CPU.ActiveCfg = Debug|Any CPU
		{69B94730-0A46-437D-B3B6-524AA04B5050}.Debug|Any CPU.Build.0 = Debug|Any CPU
		{69B94730-0A46-437D-B3B6-524AA04B5050}.Release|Any CPU.ActiveCfg = Release|Any CPU
		{69B94730-0A46-437D-B3B6-524AA04B5050}.Release|Any CPU.Build.0 = Release|Any CPU
		{B332AC97-BF0D-4C74-A08F-86B42B652966}.Debug|Any CPU.ActiveCfg = Debug|Any CPU
		{B332AC97-BF0D-4C74-A08F-86B42B652966}.Debug|Any CPU.Build.0 = Debug|Any CPU
		{B332AC97-BF0D-4C74-A08F-86B42B652966}.Release|Any CPU.ActiveCfg = Release|Any CPU
		{B332AC97-BF0D-4C74-A08F-86B42B652966}.Release|Any CPU.Build.0 = Release|Any CPU
		{8D995BA8-69CB-4967-82AF-442D6E3FE803}.Debug|Any CPU.ActiveCfg = Debug|Any CPU
		{8D995BA8-69CB-4967-82AF-442D6E3FE803}.Debug|Any CPU.Build.0 = Debug|Any CPU
		{8D995BA8-69CB-4967-82AF-442D6E3FE803}.Release|Any CPU.ActiveCfg = Release|Any CPU
		{8D995BA8-69CB-4967-82AF-442D6E3FE803}.Release|Any CPU.Build.0 = Release|Any CPU
	EndGlobalSection
	GlobalSection(SolutionProperties) = preSolution
		HideSolutionNode = FALSE
	EndGlobalSection
	GlobalSection(NestedProjects) = preSolution
		{7938BED3-A449-4E25-AEE7-909ABD475063} = {A96FDFF7-B15A-41A2-BDC5-B58AAB62B81A}
		{82DB0D15-2A2D-4144-AA79-62C07F5AC789} = {A96FDFF7-B15A-41A2-BDC5-B58AAB62B81A}
		{AA61F487-3775-4D53-894B-435076DCBCAE} = {7938BED3-A449-4E25-AEE7-909ABD475063}
		{D9881617-65BB-4995-A6E0-E29D5D06F590} = {7938BED3-A449-4E25-AEE7-909ABD475063}
		{12BA8642-E408-4D3E-8487-AC8359006D3A} = {7938BED3-A449-4E25-AEE7-909ABD475063}
		{03BFCDB9-51D0-4C67-B87A-2A3C10B5E191} = {7938BED3-A449-4E25-AEE7-909ABD475063}
		{AD973A35-5E0E-4125-BDFD-BBD1EB760FF0} = {82DB0D15-2A2D-4144-AA79-62C07F5AC789}
		{69B94730-0A46-437D-B3B6-524AA04B5050} = {7938BED3-A449-4E25-AEE7-909ABD475063}
		{B332AC97-BF0D-4C74-A08F-86B42B652966} = {A52A1F07-B4D7-4935-B15A-E93861AAFC9C}
		{8D995BA8-69CB-4967-82AF-442D6E3FE803} = {A52A1F07-B4D7-4935-B15A-E93861AAFC9C}
	EndGlobalSection
	GlobalSection(ExtensibilityGlobals) = postSolution
		SolutionGuid = {571FA071-F793-4E42-8BCC-DE9BED69A402}
	EndGlobalSection
EndGlobal
